// !$*UTF8*$!
{
	archiveVersion = 1;
	classes = {
	};
	objectVersion = 48;
	objects = {

/* Begin PBXBuildFile section */
		D9E44B72206C786D003D36E6 /* AppDelegate.swift in Sources */ = {isa = PBXBuildFile; fileRef = D9E44B71206C786D003D36E6 /* AppDelegate.swift */; };
		D9E44B74206C786D003D36E6 /* ViewController.swift in Sources */ = {isa = PBXBuildFile; fileRef = D9E44B73206C786D003D36E6 /* ViewController.swift */; };
		D9E44B77206C786D003D36E6 /* Main.storyboard in Resources */ = {isa = PBXBuildFile; fileRef = D9E44B75206C786D003D36E6 /* Main.storyboard */; };
		D9E44B79206C786D003D36E6 /* Assets.xcassets in Resources */ = {isa = PBXBuildFile; fileRef = D9E44B78206C786D003D36E6 /* Assets.xcassets */; };
		D9E44B7C206C786D003D36E6 /* LaunchScreen.storyboard in Resources */ = {isa = PBXBuildFile; fileRef = D9E44B7A206C786D003D36E6 /* LaunchScreen.storyboard */; };
		D9E44B87206C786D003D36E6 /* app_swooshTests.swift in Sources */ = {isa = PBXBuildFile; fileRef = D9E44B86206C786D003D36E6 /* app_swooshTests.swift */; };
		D9E44B92206C786D003D36E6 /* app_swooshUITests.swift in Sources */ = {isa = PBXBuildFile; fileRef = D9E44B91206C786D003D36E6 /* app_swooshUITests.swift */; };
		D9E44BA1206C83E5003D36E6 /* BorderButton.swift in Sources */ = {isa = PBXBuildFile; fileRef = D9E44BA0206C83E5003D36E6 /* BorderButton.swift */; };
/* End PBXBuildFile section */

/* Begin PBXContainerItemProxy section */
		D9E44B83206C786D003D36E6 /* PBXContainerItemProxy */ = {
			isa = PBXContainerItemProxy;
			containerPortal = D9E44B66206C786C003D36E6 /* Project object */;
			proxyType = 1;
			remoteGlobalIDString = D9E44B6D206C786D003D36E6;
			remoteInfo = "app-swoosh";
		};
		D9E44B8E206C786D003D36E6 /* PBXContainerItemProxy */ = {
			isa = PBXContainerItemProxy;
			containerPortal = D9E44B66206C786C003D36E6 /* Project object */;
			proxyType = 1;
			remoteGlobalIDString = D9E44B6D206C786D003D36E6;
			remoteInfo = "app-swoosh";
		};
/* End PBXContainerItemProxy section */

/* Begin PBXFileReference section */
		D9E44B6E206C786D003D36E6 /* app-swoosh.app */ = {isa = PBXFileReference; explicitFileType = wrapper.application; includeInIndex = 0; path = "app-swoosh.app"; sourceTree = BUILT_PRODUCTS_DIR; };
		D9E44B71206C786D003D36E6 /* AppDelegate.swift */ = {isa = PBXFileReference; lastKnownFileType = sourcecode.swift; path = AppDelegate.swift; sourceTree = "<group>"; };
		D9E44B73206C786D003D36E6 /* ViewController.swift */ = {isa = PBXFileReference; lastKnownFileType = sourcecode.swift; path = ViewController.swift; sourceTree = "<group>"; };
		D9E44B76206C786D003D36E6 /* Base */ = {isa = PBXFileReference; lastKnownFileType = file.storyboard; name = Base; path = Base.lproj/Main.storyboard; sourceTree = "<group>"; };
		D9E44B78206C786D003D36E6 /* Assets.xcassets */ = {isa = PBXFileReference; lastKnownFileType = folder.assetcatalog; path = Assets.xcassets; sourceTree = "<group>"; };
		D9E44B7B206C786D003D36E6 /* Base */ = {isa = PBXFileReference; lastKnownFileType = file.storyboard; name = Base; path = Base.lproj/LaunchScreen.storyboard; sourceTree = "<group>"; };
		D9E44B7D206C786D003D36E6 /* Info.plist */ = {isa = PBXFileReference; lastKnownFileType = text.plist.xml; path = Info.plist; sourceTree = "<group>"; };
		D9E44B82206C786D003D36E6 /* app-swooshTests.xctest */ = {isa = PBXFileReference; explicitFileType = wrapper.cfbundle; includeInIndex = 0; path = "app-swooshTests.xctest"; sourceTree = BUILT_PRODUCTS_DIR; };
		D9E44B86206C786D003D36E6 /* app_swooshTests.swift */ = {isa = PBXFileReference; lastKnownFileType = sourcecode.swift; path = app_swooshTests.swift; sourceTree = "<group>"; };
		D9E44B88206C786D003D36E6 /* Info.plist */ = {isa = PBXFileReference; lastKnownFileType = text.plist.xml; path = Info.plist; sourceTree = "<group>"; };
		D9E44B8D206C786D003D36E6 /* app-swooshUITests.xctest */ = {isa = PBXFileReference; explicitFileType = wrapper.cfbundle; includeInIndex = 0; path = "app-swooshUITests.xctest"; sourceTree = BUILT_PRODUCTS_DIR; };
		D9E44B91206C786D003D36E6 /* app_swooshUITests.swift */ = {isa = PBXFileReference; lastKnownFileType = sourcecode.swift; path = app_swooshUITests.swift; sourceTree = "<group>"; };
		D9E44B93206C786D003D36E6 /* Info.plist */ = {isa = PBXFileReference; lastKnownFileType = text.plist.xml; path = Info.plist; sourceTree = "<group>"; };
		D9E44BA0206C83E5003D36E6 /* BorderButton.swift */ = {isa = PBXFileReference; lastKnownFileType = sourcecode.swift; path = BorderButton.swift; sourceTree = "<group>"; };
/* End PBXFileReference section */

/* Begin PBXFrameworksBuildPhase section */
		D9E44B6B206C786D003D36E6 /* Frameworks */ = {
			isa = PBXFrameworksBuildPhase;
			buildActionMask = 2147483647;
			files = (
			);
			runOnlyForDeploymentPostprocessing = 0;
		};
		D9E44B7F206C786D003D36E6 /* Frameworks */ = {
			isa = PBXFrameworksBuildPhase;
			buildActionMask = 2147483647;
			files = (
			);
			runOnlyForDeploymentPostprocessing = 0;
		};
		D9E44B8A206C786D003D36E6 /* Frameworks */ = {
			isa = PBXFrameworksBuildPhase;
			buildActionMask = 2147483647;
			files = (
			);
			runOnlyForDeploymentPostprocessing = 0;
		};
/* End PBXFrameworksBuildPhase section */

/* Begin PBXGroup section */
		D9E44B65206C786C003D36E6 = {
			isa = PBXGroup;
			children = (
				D9E44B70206C786D003D36E6 /* app-swoosh */,
				D9E44B85206C786D003D36E6 /* app-swooshTests */,
				D9E44B90206C786D003D36E6 /* app-swooshUITests */,
				D9E44B6F206C786D003D36E6 /* Products */,
			);
			sourceTree = "<group>";
		};
		D9E44B6F206C786D003D36E6 /* Products */ = {
			isa = PBXGroup;
			children = (
				D9E44B6E206C786D003D36E6 /* app-swoosh.app */,
				D9E44B82206C786D003D36E6 /* app-swooshTests.xctest */,
				D9E44B8D206C786D003D36E6 /* app-swooshUITests.xctest */,
			);
			name = Products;
			sourceTree = "<group>";
		};
		D9E44B70206C786D003D36E6 /* app-swoosh */ = {
			isa = PBXGroup;
			children = (
				D9E44B9F206C8385003D36E6 /* Views */,
				D9E44B71206C786D003D36E6 /* AppDelegate.swift */,
				D9E44B73206C786D003D36E6 /* ViewController.swift */,
				D9E44B75206C786D003D36E6 /* Main.storyboard */,
				D9E44B78206C786D003D36E6 /* Assets.xcassets */,
				D9E44B7A206C786D003D36E6 /* LaunchScreen.storyboard */,
				D9E44B7D206C786D003D36E6 /* Info.plist */,
			);
			path = "app-swoosh";
			sourceTree = "<group>";
		};
		D9E44B85206C786D003D36E6 /* app-swooshTests */ = {
			isa = PBXGroup;
			children = (
				D9E44B86206C786D003D36E6 /* app_swooshTests.swift */,
				D9E44B88206C786D003D36E6 /* Info.plist */,
			);
			path = "app-swooshTests";
			sourceTree = "<group>";
		};
		D9E44B90206C786D003D36E6 /* app-swooshUITests */ = {
			isa = PBXGroup;
			children = (
				D9E44B91206C786D003D36E6 /* app_swooshUITests.swift */,
				D9E44B93206C786D003D36E6 /* Info.plist */,
			);
			path = "app-swooshUITests";
			sourceTree = "<group>";
		};
		D9E44B9F206C8385003D36E6 /* Views */ = {
			isa = PBXGroup;
			children = (
				D9E44BA0206C83E5003D36E6 /* BorderButton.swift */,
			);
			path = Views;
			sourceTree = "<group>";
		};
/* End PBXGroup section */

/* Begin PBXNativeTarget section */
		D9E44B6D206C786D003D36E6 /* app-swoosh */ = {
			isa = PBXNativeTarget;
			buildConfigurationList = D9E44B96206C786D003D36E6 /* Build configuration list for PBXNativeTarget "app-swoosh" */;
			buildPhases = (
				D9E44B6A206C786D003D36E6 /* Sources */,
				D9E44B6B206C786D003D36E6 /* Frameworks */,
				D9E44B6C206C786D003D36E6 /* Resources */,
			);
			buildRules = (
			);
			dependencies = (
			);
			name = "app-swoosh";
			productName = "app-swoosh";
			productReference = D9E44B6E206C786D003D36E6 /* app-swoosh.app */;
			productType = "com.apple.product-type.application";
		};
		D9E44B81206C786D003D36E6 /* app-swooshTests */ = {
			isa = PBXNativeTarget;
			buildConfigurationList = D9E44B99206C786D003D36E6 /* Build configuration list for PBXNativeTarget "app-swooshTests" */;
			buildPhases = (
				D9E44B7E206C786D003D36E6 /* Sources */,
				D9E44B7F206C786D003D36E6 /* Frameworks */,
				D9E44B80206C786D003D36E6 /* Resources */,
			);
			buildRules = (
			);
			dependencies = (
				D9E44B84206C786D003D36E6 /* PBXTargetDependency */,
			);
			name = "app-swooshTests";
			productName = "app-swooshTests";
			productReference = D9E44B82206C786D003D36E6 /* app-swooshTests.xctest */;
			productType = "com.apple.product-type.bundle.unit-test";
		};
		D9E44B8C206C786D003D36E6 /* app-swooshUITests */ = {
			isa = PBXNativeTarget;
			buildConfigurationList = D9E44B9C206C786D003D36E6 /* Build configuration list for PBXNativeTarget "app-swooshUITests" */;
			buildPhases = (
				D9E44B89206C786D003D36E6 /* Sources */,
				D9E44B8A206C786D003D36E6 /* Frameworks */,
				D9E44B8B206C786D003D36E6 /* Resources */,
			);
			buildRules = (
			);
			dependencies = (
				D9E44B8F206C786D003D36E6 /* PBXTargetDependency */,
			);
			name = "app-swooshUITests";
			productName = "app-swooshUITests";
			productReference = D9E44B8D206C786D003D36E6 /* app-swooshUITests.xctest */;
			productType = "com.apple.product-type.bundle.ui-testing";
		};
/* End PBXNativeTarget section */

/* Begin PBXProject section */
		D9E44B66206C786C003D36E6 /* Project object */ = {
			isa = PBXProject;
			attributes = {
				LastSwiftUpdateCheck = 0920;
				LastUpgradeCheck = 0920;
				ORGANIZATIONNAME = "Marlon Avery";
				TargetAttributes = {
					D9E44B6D206C786D003D36E6 = {
						CreatedOnToolsVersion = 9.2;
						ProvisioningStyle = Automatic;
					};
					D9E44B81206C786D003D36E6 = {
						CreatedOnToolsVersion = 9.2;
						ProvisioningStyle = Automatic;
						TestTargetID = D9E44B6D206C786D003D36E6;
					};
					D9E44B8C206C786D003D36E6 = {
						CreatedOnToolsVersion = 9.2;
						ProvisioningStyle = Automatic;
						TestTargetID = D9E44B6D206C786D003D36E6;
					};
				};
			};
			buildConfigurationList = D9E44B69206C786C003D36E6 /* Build configuration list for PBXProject "app-swoosh" */;
			compatibilityVersion = "Xcode 8.0";
			developmentRegion = en;
			hasScannedForEncodings = 0;
			knownRegions = (
				en,
				Base,
			);
			mainGroup = D9E44B65206C786C003D36E6;
			productRefGroup = D9E44B6F206C786D003D36E6 /* Products */;
			projectDirPath = "";
			projectRoot = "";
			targets = (
				D9E44B6D206C786D003D36E6 /* app-swoosh */,
				D9E44B81206C786D003D36E6 /* app-swooshTests */,
				D9E44B8C206C786D003D36E6 /* app-swooshUITests */,
			);
		};
/* End PBXProject section */

/* Begin PBXResourcesBuildPhase section */
		D9E44B6C206C786D003D36E6 /* Resources */ = {
			isa = PBXResourcesBuildPhase;
			buildActionMask = 2147483647;
			files = (
				D9E44B7C206C786D003D36E6 /* LaunchScreen.storyboard in Resources */,
				D9E44B79206C786D003D36E6 /* Assets.xcassets in Resources */,
				D9E44B77206C786D003D36E6 /* Main.storyboard in Resources */,
			);
			runOnlyForDeploymentPostprocessing = 0;
		};
		D9E44B80206C786D003D36E6 /* Resources */ = {
			isa = PBXResourcesBuildPhase;
			buildActionMask = 2147483647;
			files = (
			);
			runOnlyForDeploymentPostprocessing = 0;
		};
		D9E44B8B206C786D003D36E6 /* Resources */ = {
			isa = PBXResourcesBuildPhase;
			buildActionMask = 2147483647;
			files = (
			);
			runOnlyForDeploymentPostprocessing = 0;
		};
/* End PBXResourcesBuildPhase section */

/* Begin PBXSourcesBuildPhase section */
		D9E44B6A206C786D003D36E6 /* Sources */ = {
			isa = PBXSourcesBuildPhase;
			buildActionMask = 2147483647;
			files = (
				D9E44B74206C786D003D36E6 /* ViewController.swift in Sources */,
				D9E44B72206C786D003D36E6 /* AppDelegate.swift in Sources */,
				D9E44BA1206C83E5003D36E6 /* BorderButton.swift in Sources */,
			);
			runOnlyForDeploymentPostprocessing = 0;
		};
		D9E44B7E206C786D003D36E6 /* Sources */ = {
			isa = PBXSourcesBuildPhase;
			buildActionMask = 2147483647;
			files = (
				D9E44B87206C786D003D36E6 /* app_swooshTests.swift in Sources */,
			);
			runOnlyForDeploymentPostprocessing = 0;
		};
		D9E44B89206C786D003D36E6 /* Sources */ = {
			isa = PBXSourcesBuildPhase;
			buildActionMask = 2147483647;
			files = (
				D9E44B92206C786D003D36E6 /* app_swooshUITests.swift in Sources */,
			);
			runOnlyForDeploymentPostprocessing = 0;
		};
/* End PBXSourcesBuildPhase section */

/* Begin PBXTargetDependency section */
		D9E44B84206C786D003D36E6 /* PBXTargetDependency */ = {
			isa = PBXTargetDependency;
			target = D9E44B6D206C786D003D36E6 /* app-swoosh */;
			targetProxy = D9E44B83206C786D003D36E6 /* PBXContainerItemProxy */;
		};
		D9E44B8F206C786D003D36E6 /* PBXTargetDependency */ = {
			isa = PBXTargetDependency;
			target = D9E44B6D206C786D003D36E6 /* app-swoosh */;
			targetProxy = D9E44B8E206C786D003D36E6 /* PBXContainerItemProxy */;
		};
/* End PBXTargetDependency section */

/* Begin PBXVariantGroup section */
		D9E44B75206C786D003D36E6 /* Main.storyboard */ = {
			isa = PBXVariantGroup;
			children = (
				D9E44B76206C786D003D36E6 /* Base */,
			);
			name = Main.storyboard;
			sourceTree = "<group>";
		};
		D9E44B7A206C786D003D36E6 /* LaunchScreen.storyboard */ = {
			isa = PBXVariantGroup;
			children = (
				D9E44B7B206C786D003D36E6 /* Base */,
			);
			name = LaunchScreen.storyboard;
			sourceTree = "<group>";
		};
/* End PBXVariantGroup section */

/* Begin XCBuildConfiguration section */
		D9E44B94206C786D003D36E6 /* Debug */ = {
			isa = XCBuildConfiguration;
			buildSettings = {
				ALWAYS_SEARCH_USER_PATHS = NO;
				CLANG_ANALYZER_NONNULL = YES;
				CLANG_ANALYZER_NUMBER_OBJECT_CONVERSION = YES_AGGRESSIVE;
				CLANG_CXX_LANGUAGE_STANDARD = "gnu++14";
				CLANG_CXX_LIBRARY = "libc++";
				CLANG_ENABLE_MODULES = YES;
				CLANG_ENABLE_OBJC_ARC = YES;
				CLANG_WARN_BLOCK_CAPTURE_AUTORELEASING = YES;
				CLANG_WARN_BOOL_CONVERSION = YES;
				CLANG_WARN_COMMA = YES;
				CLANG_WARN_CONSTANT_CONVERSION = YES;
				CLANG_WARN_DIRECT_OBJC_ISA_USAGE = YES_ERROR;
				CLANG_WARN_DOCUMENTATION_COMMENTS = YES;
				CLANG_WARN_EMPTY_BODY = YES;
				CLANG_WARN_ENUM_CONVERSION = YES;
				CLANG_WARN_INFINITE_RECURSION = YES;
				CLANG_WARN_INT_CONVERSION = YES;
				CLANG_WARN_NON_LITERAL_NULL_CONVERSION = YES;
				CLANG_WARN_OBJC_LITERAL_CONVERSION = YES;
				CLANG_WARN_OBJC_ROOT_CLASS = YES_ERROR;
				CLANG_WARN_RANGE_LOOP_ANALYSIS = YES;
				CLANG_WARN_STRICT_PROTOTYPES = YES;
				CLANG_WARN_SUSPICIOUS_MOVE = YES;
				CLANG_WARN_UNGUARDED_AVAILABILITY = YES_AGGRESSIVE;
				CLANG_WARN_UNREACHABLE_CODE = YES;
				CLANG_WARN__DUPLICATE_METHOD_MATCH = YES;
				CODE_SIGN_IDENTITY = "iPhone Developer";
				COPY_PHASE_STRIP = NO;
				DEBUG_INFORMATION_FORMAT = dwarf;
				ENABLE_STRICT_OBJC_MSGSEND = YES;
				ENABLE_TESTABILITY = YES;
				GCC_C_LANGUAGE_STANDARD = gnu11;
				GCC_DYNAMIC_NO_PIC = NO;
				GCC_NO_COMMON_BLOCKS = YES;
				GCC_OPTIMIZATION_LEVEL = 0;
				GCC_PREPROCESSOR_DEFINITIONS = (
					"DEBUG=1",
					"$(inherited)",
				);
				GCC_WARN_64_TO_32_BIT_CONVERSION = YES;
				GCC_WARN_ABOUT_RETURN_TYPE = YES_ERROR;
				GCC_WARN_UNDECLARED_SELECTOR = YES;
				GCC_WARN_UNINITIALIZED_AUTOS = YES_AGGRESSIVE;
				GCC_WARN_UNUSED_FUNCTION = YES;
				GCC_WARN_UNUSED_VARIABLE = YES;
				IPHONEOS_DEPLOYMENT_TARGET = 11.2;
				MTL_ENABLE_DEBUG_INFO = YES;
				ONLY_ACTIVE_ARCH = YES;
				SDKROOT = iphoneos;
				SWIFT_ACTIVE_COMPILATION_CONDITIONS = DEBUG;
				SWIFT_OPTIMIZATION_LEVEL = "-Onone";
			};
			name = Debug;
		};
		D9E44B95206C786D003D36E6 /* Release */ = {
			isa = XCBuildConfiguration;
			buildSettings = {
				ALWAYS_SEARCH_USER_PATHS = NO;
				CLANG_ANALYZER_NONNULL = YES;
				CLANG_ANALYZER_NUMBER_OBJECT_CONVERSION = YES_AGGRESSIVE;
				CLANG_CXX_LANGUAGE_STANDARD = "gnu++14";
				CLANG_CXX_LIBRARY = "libc++";
				CLANG_ENABLE_MODULES = YES;
				CLANG_ENABLE_OBJC_ARC = YES;
				CLANG_WARN_BLOCK_CAPTURE_AUTORELEASING = YES;
				CLANG_WARN_BOOL_CONVERSION = YES;
				CLANG_WARN_COMMA = YES;
				CLANG_WARN_CONSTANT_CONVERSION = YES;
				CLANG_WARN_DIRECT_OBJC_ISA_USAGE = YES_ERROR;
				CLANG_WARN_DOCUMENTATION_COMMENTS = YES;
				CLANG_WARN_EMPTY_BODY = YES;
				CLANG_WARN_ENUM_CONVERSION = YES;
				CLANG_WARN_INFINITE_RECURSION = YES;
				CLANG_WARN_INT_CONVERSION = YES;
				CLANG_WARN_NON_LITERAL_NULL_CONVERSION = YES;
				CLANG_WARN_OBJC_LITERAL_CONVERSION = YES;
				CLANG_WARN_OBJC_ROOT_CLASS = YES_ERROR;
				CLANG_WARN_RANGE_LOOP_ANALYSIS = YES;
				CLANG_WARN_STRICT_PROTOTYPES = YES;
				CLANG_WARN_SUSPICIOUS_MOVE = YES;
				CLANG_WARN_UNGUARDED_AVAILABILITY = YES_AGGRESSIVE;
				CLANG_WARN_UNREACHABLE_CODE = YES;
				CLANG_WARN__DUPLICATE_METHOD_MATCH = YES;
				CODE_SIGN_IDENTITY = "iPhone Developer";
				COPY_PHASE_STRIP = NO;
				DEBUG_INFORMATION_FORMAT = "dwarf-with-dsym";
				ENABLE_NS_ASSERTIONS = NO;
				ENABLE_STRICT_OBJC_MSGSEND = YES;
				GCC_C_LANGUAGE_STANDARD = gnu11;
				GCC_NO_COMMON_BLOCKS = YES;
				GCC_WARN_64_TO_32_BIT_CONVERSION = YES;
				GCC_WARN_ABOUT_RETURN_TYPE = YES_ERROR;
				GCC_WARN_UNDECLARED_SELECTOR = YES;
				GCC_WARN_UNINITIALIZED_AUTOS = YES_AGGRESSIVE;
				GCC_WARN_UNUSED_FUNCTION = YES;
				GCC_WARN_UNUSED_VARIABLE = YES;
				IPHONEOS_DEPLOYMENT_TARGET = 11.2;
				MTL_ENABLE_DEBUG_INFO = NO;
				SDKROOT = iphoneos;
				SWIFT_OPTIMIZATION_LEVEL = "-Owholemodule";
				VALIDATE_PRODUCT = YES;
			};
			name = Release;
		};
		D9E44B97206C786D003D36E6 /* Debug */ = {
			isa = XCBuildConfiguration;
			buildSettings = {
				ASSETCATALOG_COMPILER_APPICON_NAME = AppIcon;
				CODE_SIGN_STYLE = Automatic;
				DEVELOPMENT_TEAM = 4WWZX2UX5Q;
				INFOPLIST_FILE = "app-swoosh/Info.plist";
				LD_RUNPATH_SEARCH_PATHS = "$(inherited) @executable_path/Frameworks";
				PRODUCT_BUNDLE_IDENTIFIER = "com.rekure.app-swoosh";
				PRODUCT_NAME = "$(TARGET_NAME)";
				SWIFT_VERSION = 4.0;
				TARGETED_DEVICE_FAMILY = "1,2";
			};
			name = Debug;
		};
		D9E44B98206C786D003D36E6 /* Release */ = {
			isa = XCBuildConfiguration;
			buildSettings = {
				ASSETCATALOG_COMPILER_APPICON_NAME = AppIcon;
				CODE_SIGN_STYLE = Automatic;
				DEVELOPMENT_TEAM = 4WWZX2UX5Q;
				INFOPLIST_FILE = "app-swoosh/Info.plist";
				LD_RUNPATH_SEARCH_PATHS = "$(inherited) @executable_path/Frameworks";
				PRODUCT_BUNDLE_IDENTIFIER = "com.rekure.app-swoosh";
				PRODUCT_NAME = "$(TARGET_NAME)";
				SWIFT_VERSION = 4.0;
				TARGETED_DEVICE_FAMILY = "1,2";
			};
			name = Release;
		};
		D9E44B9A206C786D003D36E6 /* Debug */ = {
			isa = XCBuildConfiguration;
			buildSettings = {
				ALWAYS_EMBED_SWIFT_STANDARD_LIBRARIES = YES;
				BUNDLE_LOADER = "$(TEST_HOST)";
				CODE_SIGN_STYLE = Automatic;
				DEVELOPMENT_TEAM = 4WWZX2UX5Q;
				INFOPLIST_FILE = "app-swooshTests/Info.plist";
				LD_RUNPATH_SEARCH_PATHS = "$(inherited) @executable_path/Frameworks @loader_path/Frameworks";
				PRODUCT_BUNDLE_IDENTIFIER = "com.rekure.app-swooshTests";
				PRODUCT_NAME = "$(TARGET_NAME)";
				SWIFT_VERSION = 4.0;
				TARGETED_DEVICE_FAMILY = "1,2";
				TEST_HOST = "$(BUILT_PRODUCTS_DIR)/app-swoosh.app/app-swoosh";
			};
			name = Debug;
		};
		D9E44B9B206C786D003D36E6 /* Release */ = {
			isa = XCBuildConfiguration;
			buildSettings = {
				ALWAYS_EMBED_SWIFT_STANDARD_LIBRARIES = YES;
				BUNDLE_LOADER = "$(TEST_HOST)";
				CODE_SIGN_STYLE = Automatic;
				DEVELOPMENT_TEAM = 4WWZX2UX5Q;
				INFOPLIST_FILE = "app-swooshTests/Info.plist";
				LD_RUNPATH_SEARCH_PATHS = "$(inherited) @executable_path/Frameworks @loader_path/Frameworks";
				PRODUCT_BUNDLE_IDENTIFIER = "com.rekure.app-swooshTests";
				PRODUCT_NAME = "$(TARGET_NAME)";
				SWIFT_VERSION = 4.0;
				TARGETED_DEVICE_FAMILY = "1,2";
				TEST_HOST = "$(BUILT_PRODUCTS_DIR)/app-swoosh.app/app-swoosh";
			};
			name = Release;
		};
		D9E44B9D206C786D003D36E6 /* Debug */ = {
			isa = XCBuildConfiguration;
			buildSettings = {
				ALWAYS_EMBED_SWIFT_STANDARD_LIBRARIES = YES;
				CODE_SIGN_STYLE = Automatic;
				DEVELOPMENT_TEAM = 4WWZX2UX5Q;
				INFOPLIST_FILE = "app-swooshUITests/Info.plist";
				LD_RUNPATH_SEARCH_PATHS = "$(inherited) @executable_path/Frameworks @loader_path/Frameworks";
				PRODUCT_BUNDLE_IDENTIFIER = "com.rekure.app-swooshUITests";
				PRODUCT_NAME = "$(TARGET_NAME)";
				SWIFT_VERSION = 4.0;
				TARGETED_DEVICE_FAMILY = "1,2";
				TEST_TARGET_NAME = "app-swoosh";
			};
			name = Debug;
		};
		D9E44B9E206C786D003D36E6 /* Release */ = {
			isa = XCBuildConfiguration;
			buildSettings = {
				ALWAYS_EMBED_SWIFT_STANDARD_LIBRARIES = YES;
				CODE_SIGN_STYLE = Automatic;
				DEVELOPMENT_TEAM = 4WWZX2UX5Q;
				INFOPLIST_FILE = "app-swooshUITests/Info.plist";
				LD_RUNPATH_SEARCH_PATHS = "$(inherited) @executable_path/Frameworks @loader_path/Frameworks";
				PRODUCT_BUNDLE_IDENTIFIER = "com.rekure.app-swooshUITests";
				PRODUCT_NAME = "$(TARGET_NAME)";
				SWIFT_VERSION = 4.0;
				TARGETED_DEVICE_FAMILY = "1,2";
				TEST_TARGET_NAME = "app-swoosh";
			};
			name = Release;
		};
/* End XCBuildConfiguration section */

/* Begin XCConfigurationList section */
		D9E44B69206C786C003D36E6 /* Build configuration list for PBXProject "app-swoosh" */ = {
			isa = XCConfigurationList;
			buildConfigurations = (
				D9E44B94206C786D003D36E6 /* Debug */,
				D9E44B95206C786D003D36E6 /* Release */,
			);
			defaultConfigurationIsVisible = 0;
			defaultConfigurationName = Release;
		};
		D9E44B96206C786D003D36E6 /* Build configuration list for PBXNativeTarget "app-swoosh" */ = {
			isa = XCConfigurationList;
			buildConfigurations = (
				D9E44B97206C786D003D36E6 /* Debug */,
				D9E44B98206C786D003D36E6 /* Release */,
			);
			defaultConfigurationIsVisible = 0;
			defaultConfigurationName = Release;
		};
		D9E44B99206C786D003D36E6 /* Build configuration list for PBXNativeTarget "app-swooshTests" */ = {
			isa = XCConfigurationList;
			buildConfigurations = (
				D9E44B9A206C786D003D36E6 /* Debug */,
				D9E44B9B206C786D003D36E6 /* Release */,
			);
			defaultConfigurationIsVisible = 0;
			defaultConfigurationName = Release;
		};
		D9E44B9C206C786D003D36E6 /* Build configuration list for PBXNativeTarget "app-swooshUITests" */ = {
			isa = XCConfigurationList;
			buildConfigurations = (
				D9E44B9D206C786D003D36E6 /* Debug */,
				D9E44B9E206C786D003D36E6 /* Release */,
			);
			defaultConfigurationIsVisible = 0;
			defaultConfigurationName = Release;
		};
/* End XCConfigurationList section */
	};
	rootObject = D9E44B66206C786C003D36E6 /* Project object */;
}
